// !$*UTF8*$!
{
	archiveVersion = 1;
	classes = {
	};
	objectVersion = 48;
	objects = {

/* Begin PBXBuildFile section */
		5548031D851B5154D934E62A /* libPods-FenTuan.a in Frameworks */ = {isa = PBXBuildFile; fileRef = 93098AF8AFAB39CA557FF08D /* libPods-FenTuan.a */; };
		BF30C90E20E6E98800A5FCA2 /* AppDelegate.m in Sources */ = {isa = PBXBuildFile; fileRef = BF30C90D20E6E98800A5FCA2 /* AppDelegate.m */; };
		BF30C91420E6E98800A5FCA2 /* Main.storyboard in Resources */ = {isa = PBXBuildFile; fileRef = BF30C91220E6E98800A5FCA2 /* Main.storyboard */; };
		BF30C91620E6E98800A5FCA2 /* Assets.xcassets in Resources */ = {isa = PBXBuildFile; fileRef = BF30C91520E6E98800A5FCA2 /* Assets.xcassets */; };
		BF30C91920E6E98800A5FCA2 /* LaunchScreen.storyboard in Resources */ = {isa = PBXBuildFile; fileRef = BF30C91720E6E98800A5FCA2 /* LaunchScreen.storyboard */; };
		BF30C91C20E6E98800A5FCA2 /* main.m in Sources */ = {isa = PBXBuildFile; fileRef = BF30C91B20E6E98800A5FCA2 /* main.m */; };
		BF30C94920E6F01300A5FCA2 /* BaseVC.m in Sources */ = {isa = PBXBuildFile; fileRef = BF30C94820E6F01300A5FCA2 /* BaseVC.m */; };
		BF30C94C20E6F03D00A5FCA2 /* FTHomeVC.m in Sources */ = {isa = PBXBuildFile; fileRef = BF30C94B20E6F03D00A5FCA2 /* FTHomeVC.m */; };
		BF30C94F20E6F06E00A5FCA2 /* FTNoticeVC.m in Sources */ = {isa = PBXBuildFile; fileRef = BF30C94E20E6F06E00A5FCA2 /* FTNoticeVC.m */; };
		BF30C95220E6F08A00A5FCA2 /* FTRecommendVC.m in Sources */ = {isa = PBXBuildFile; fileRef = BF30C95120E6F08A00A5FCA2 /* FTRecommendVC.m */; };
		BF30C95520E6F09E00A5FCA2 /* FTSettingVC.m in Sources */ = {isa = PBXBuildFile; fileRef = BF30C95420E6F09E00A5FCA2 /* FTSettingVC.m */; };
		BF30C95820E6F0BA00A5FCA2 /* FTStoreVC.m in Sources */ = {isa = PBXBuildFile; fileRef = BF30C95720E6F0BA00A5FCA2 /* FTStoreVC.m */; };
		BF30C95C20E6F0D500A5FCA2 /* FTLoginVC.m in Sources */ = {isa = PBXBuildFile; fileRef = BF30C95A20E6F0D500A5FCA2 /* FTLoginVC.m */; };
		BF30C95D20E6F0D500A5FCA2 /* FTLoginVC.xib in Resources */ = {isa = PBXBuildFile; fileRef = BF30C95B20E6F0D500A5FCA2 /* FTLoginVC.xib */; };
		BF30C96120E6F0F900A5FCA2 /* FTRegsiterVC.m in Sources */ = {isa = PBXBuildFile; fileRef = BF30C95F20E6F0F900A5FCA2 /* FTRegsiterVC.m */; };
		BF30C96220E6F0F900A5FCA2 /* FTRegsiterVC.xib in Resources */ = {isa = PBXBuildFile; fileRef = BF30C96020E6F0F900A5FCA2 /* FTRegsiterVC.xib */; };
		BF30C96620E6F10C00A5FCA2 /* FTFindPwdVC.m in Sources */ = {isa = PBXBuildFile; fileRef = BF30C96420E6F10C00A5FCA2 /* FTFindPwdVC.m */; };
		BF30C96720E6F10C00A5FCA2 /* FTFindPwdVC.xib in Resources */ = {isa = PBXBuildFile; fileRef = BF30C96520E6F10C00A5FCA2 /* FTFindPwdVC.xib */; };
		BF30C96B20E6F12C00A5FCA2 /* FTEditVC.m in Sources */ = {isa = PBXBuildFile; fileRef = BF30C96920E6F12C00A5FCA2 /* FTEditVC.m */; };
		BF30C96C20E6F12C00A5FCA2 /* FTEditVC.xib in Resources */ = {isa = PBXBuildFile; fileRef = BF30C96A20E6F12C00A5FCA2 /* FTEditVC.xib */; };
		BF30C97020E6F13F00A5FCA2 /* FTBindPhoneVC.m in Sources */ = {isa = PBXBuildFile; fileRef = BF30C96E20E6F13F00A5FCA2 /* FTBindPhoneVC.m */; };
		BF30C97120E6F13F00A5FCA2 /* FTBindPhoneVC.xib in Resources */ = {isa = PBXBuildFile; fileRef = BF30C96F20E6F13F00A5FCA2 /* FTBindPhoneVC.xib */; };
		BF30C97420E6F42F00A5FCA2 /* FTBaseTabbarVC.m in Sources */ = {isa = PBXBuildFile; fileRef = BF30C97320E6F42F00A5FCA2 /* FTBaseTabbarVC.m */; };
		BF30C99E20E6FCC200A5FCA2 /* UIView+ZJFrame.m in Sources */ = {isa = PBXBuildFile; fileRef = BF30C97720E6FCC100A5FCA2 /* UIView+ZJFrame.m */; };
		BF30C99F20E6FCC200A5FCA2 /* UIViewController+ZJScrollPageController.m in Sources */ = {isa = PBXBuildFile; fileRef = BF30C97920E6FCC100A5FCA2 /* UIViewController+ZJScrollPageController.m */; };
		BF30C9A020E6FCC200A5FCA2 /* ZJCollectionView.m in Sources */ = {isa = PBXBuildFile; fileRef = BF30C97B20E6FCC100A5FCA2 /* ZJCollectionView.m */; };
		BF30C9A120E6FCC200A5FCA2 /* ZJContentView.m in Sources */ = {isa = PBXBuildFile; fileRef = BF30C97D20E6FCC100A5FCA2 /* ZJContentView.m */; };
		BF30C9A220E6FCC200A5FCA2 /* ZJScrollPageView.m in Sources */ = {isa = PBXBuildFile; fileRef = BF30C97F20E6FCC100A5FCA2 /* ZJScrollPageView.m */; };
		BF30C9A320E6FCC200A5FCA2 /* ZJScrollSegmentView.m in Sources */ = {isa = PBXBuildFile; fileRef = BF30C98220E6FCC100A5FCA2 /* ZJScrollSegmentView.m */; };
		BF30C9A420E6FCC200A5FCA2 /* ZJSegmentStyle.m in Sources */ = {isa = PBXBuildFile; fileRef = BF30C98420E6FCC100A5FCA2 /* ZJSegmentStyle.m */; };
		BF30C9A520E6FCC200A5FCA2 /* ZJTitleView.m in Sources */ = {isa = PBXBuildFile; fileRef = BF30C98620E6FCC100A5FCA2 /* ZJTitleView.m */; };
		BF30C9A620E6FCC200A5FCA2 /* YTKBaseRequest.m in Sources */ = {isa = PBXBuildFile; fileRef = BF30C98920E6FCC100A5FCA2 /* YTKBaseRequest.m */; };
		BF30C9A720E6FCC200A5FCA2 /* YTKBatchRequest.m in Sources */ = {isa = PBXBuildFile; fileRef = BF30C98B20E6FCC100A5FCA2 /* YTKBatchRequest.m */; };
		BF30C9A820E6FCC200A5FCA2 /* YTKBatchRequestAgent.m in Sources */ = {isa = PBXBuildFile; fileRef = BF30C98D20E6FCC100A5FCA2 /* YTKBatchRequestAgent.m */; };
		BF30C9A920E6FCC200A5FCA2 /* YTKChainRequest.m in Sources */ = {isa = PBXBuildFile; fileRef = BF30C98F20E6FCC100A5FCA2 /* YTKChainRequest.m */; };
		BF30C9AA20E6FCC200A5FCA2 /* YTKChainRequestAgent.m in Sources */ = {isa = PBXBuildFile; fileRef = BF30C99120E6FCC100A5FCA2 /* YTKChainRequestAgent.m */; };
		BF30C9AB20E6FCC200A5FCA2 /* YTKNetworkAgent.m in Sources */ = {isa = PBXBuildFile; fileRef = BF30C99420E6FCC100A5FCA2 /* YTKNetworkAgent.m */; };
		BF30C9AC20E6FCC200A5FCA2 /* YTKNetworkConfig.m in Sources */ = {isa = PBXBuildFile; fileRef = BF30C99620E6FCC100A5FCA2 /* YTKNetworkConfig.m */; };
		BF30C9AD20E6FCC200A5FCA2 /* YTKNetworkPrivate.m in Sources */ = {isa = PBXBuildFile; fileRef = BF30C99820E6FCC100A5FCA2 /* YTKNetworkPrivate.m */; };
		BF30C9AE20E6FCC200A5FCA2 /* YTKRequest.m in Sources */ = {isa = PBXBuildFile; fileRef = BF30C99A20E6FCC100A5FCA2 /* YTKRequest.m */; };
		BF30C9AF20E6FCC200A5FCA2 /* UIScrollView+EmptyDataSet.m in Sources */ = {isa = PBXBuildFile; fileRef = BF30C99D20E6FCC200A5FCA2 /* UIScrollView+EmptyDataSet.m */; };
		BF30C9B620E6FCE400A5FCA2 /* UIButton+countDown.m in Sources */ = {isa = PBXBuildFile; fileRef = BF30C9B120E6FCE300A5FCA2 /* UIButton+countDown.m */; };
		BF30C9B720E6FCE400A5FCA2 /* UIButton+POImagePosition.m in Sources */ = {isa = PBXBuildFile; fileRef = BF30C9B220E6FCE300A5FCA2 /* UIButton+POImagePosition.m */; };
		BF30C9B820E6FCE400A5FCA2 /* UIViewController+LCENavigationBar.m in Sources */ = {isa = PBXBuildFile; fileRef = BF30C9B320E6FCE300A5FCA2 /* UIViewController+LCENavigationBar.m */; };
		BF30C9BB20E6FD0900A5FCA2 /* FTUtil.m in Sources */ = {isa = PBXBuildFile; fileRef = BF30C9BA20E6FD0900A5FCA2 /* FTUtil.m */; };
/* End PBXBuildFile section */

/* Begin PBXFileReference section */
		12DD582F4887FA56A595964F /* Pods-FenTuan.debug.xcconfig */ = {isa = PBXFileReference; includeInIndex = 1; lastKnownFileType = text.xcconfig; name = "Pods-FenTuan.debug.xcconfig"; path = "Pods/Target Support Files/Pods-FenTuan/Pods-FenTuan.debug.xcconfig"; sourceTree = "<group>"; };
		72C60D26FACAE156677CC614 /* Pods-FenTuan.release.xcconfig */ = {isa = PBXFileReference; includeInIndex = 1; lastKnownFileType = text.xcconfig; name = "Pods-FenTuan.release.xcconfig"; path = "Pods/Target Support Files/Pods-FenTuan/Pods-FenTuan.release.xcconfig"; sourceTree = "<group>"; };
		93098AF8AFAB39CA557FF08D /* libPods-FenTuan.a */ = {isa = PBXFileReference; explicitFileType = archive.ar; includeInIndex = 0; path = "libPods-FenTuan.a"; sourceTree = BUILT_PRODUCTS_DIR; };
		BF30C90920E6E98800A5FCA2 /* FenTuan.app */ = {isa = PBXFileReference; explicitFileType = wrapper.application; includeInIndex = 0; path = FenTuan.app; sourceTree = BUILT_PRODUCTS_DIR; };
		BF30C90C20E6E98800A5FCA2 /* AppDelegate.h */ = {isa = PBXFileReference; lastKnownFileType = sourcecode.c.h; path = AppDelegate.h; sourceTree = "<group>"; };
		BF30C90D20E6E98800A5FCA2 /* AppDelegate.m */ = {isa = PBXFileReference; lastKnownFileType = sourcecode.c.objc; path = AppDelegate.m; sourceTree = "<group>"; };
		BF30C91320E6E98800A5FCA2 /* Base */ = {isa = PBXFileReference; lastKnownFileType = file.storyboard; name = Base; path = Base.lproj/Main.storyboard; sourceTree = "<group>"; };
		BF30C91520E6E98800A5FCA2 /* Assets.xcassets */ = {isa = PBXFileReference; lastKnownFileType = folder.assetcatalog; path = Assets.xcassets; sourceTree = "<group>"; };
		BF30C91820E6E98800A5FCA2 /* Base */ = {isa = PBXFileReference; lastKnownFileType = file.storyboard; name = Base; path = Base.lproj/LaunchScreen.storyboard; sourceTree = "<group>"; };
		BF30C91A20E6E98800A5FCA2 /* Info.plist */ = {isa = PBXFileReference; lastKnownFileType = text.plist.xml; path = Info.plist; sourceTree = "<group>"; };
		BF30C91B20E6E98800A5FCA2 /* main.m */ = {isa = PBXFileReference; lastKnownFileType = sourcecode.c.objc; path = main.m; sourceTree = "<group>"; };
		BF30C94720E6F01300A5FCA2 /* BaseVC.h */ = {isa = PBXFileReference; lastKnownFileType = sourcecode.c.h; path = BaseVC.h; sourceTree = "<group>"; };
		BF30C94820E6F01300A5FCA2 /* BaseVC.m */ = {isa = PBXFileReference; lastKnownFileType = sourcecode.c.objc; path = BaseVC.m; sourceTree = "<group>"; };
		BF30C94A20E6F03D00A5FCA2 /* FTHomeVC.h */ = {isa = PBXFileReference; lastKnownFileType = sourcecode.c.h; path = FTHomeVC.h; sourceTree = "<group>"; };
		BF30C94B20E6F03D00A5FCA2 /* FTHomeVC.m */ = {isa = PBXFileReference; lastKnownFileType = sourcecode.c.objc; path = FTHomeVC.m; sourceTree = "<group>"; };
		BF30C94D20E6F06E00A5FCA2 /* FTNoticeVC.h */ = {isa = PBXFileReference; lastKnownFileType = sourcecode.c.h; path = FTNoticeVC.h; sourceTree = "<group>"; };
		BF30C94E20E6F06E00A5FCA2 /* FTNoticeVC.m */ = {isa = PBXFileReference; lastKnownFileType = sourcecode.c.objc; path = FTNoticeVC.m; sourceTree = "<group>"; };
		BF30C95020E6F08A00A5FCA2 /* FTRecommendVC.h */ = {isa = PBXFileReference; lastKnownFileType = sourcecode.c.h; path = FTRecommendVC.h; sourceTree = "<group>"; };
		BF30C95120E6F08A00A5FCA2 /* FTRecommendVC.m */ = {isa = PBXFileReference; lastKnownFileType = sourcecode.c.objc; path = FTRecommendVC.m; sourceTree = "<group>"; };
		BF30C95320E6F09E00A5FCA2 /* FTSettingVC.h */ = {isa = PBXFileReference; lastKnownFileType = sourcecode.c.h; path = FTSettingVC.h; sourceTree = "<group>"; };
		BF30C95420E6F09E00A5FCA2 /* FTSettingVC.m */ = {isa = PBXFileReference; lastKnownFileType = sourcecode.c.objc; path = FTSettingVC.m; sourceTree = "<group>"; };
		BF30C95620E6F0BA00A5FCA2 /* FTStoreVC.h */ = {isa = PBXFileReference; lastKnownFileType = sourcecode.c.h; path = FTStoreVC.h; sourceTree = "<group>"; };
		BF30C95720E6F0BA00A5FCA2 /* FTStoreVC.m */ = {isa = PBXFileReference; lastKnownFileType = sourcecode.c.objc; path = FTStoreVC.m; sourceTree = "<group>"; };
		BF30C95920E6F0D500A5FCA2 /* FTLoginVC.h */ = {isa = PBXFileReference; lastKnownFileType = sourcecode.c.h; path = FTLoginVC.h; sourceTree = "<group>"; };
		BF30C95A20E6F0D500A5FCA2 /* FTLoginVC.m */ = {isa = PBXFileReference; lastKnownFileType = sourcecode.c.objc; path = FTLoginVC.m; sourceTree = "<group>"; };
		BF30C95B20E6F0D500A5FCA2 /* FTLoginVC.xib */ = {isa = PBXFileReference; lastKnownFileType = file.xib; path = FTLoginVC.xib; sourceTree = "<group>"; };
		BF30C95E20E6F0F900A5FCA2 /* FTRegsiterVC.h */ = {isa = PBXFileReference; lastKnownFileType = sourcecode.c.h; path = FTRegsiterVC.h; sourceTree = "<group>"; };
		BF30C95F20E6F0F900A5FCA2 /* FTRegsiterVC.m */ = {isa = PBXFileReference; lastKnownFileType = sourcecode.c.objc; path = FTRegsiterVC.m; sourceTree = "<group>"; };
		BF30C96020E6F0F900A5FCA2 /* FTRegsiterVC.xib */ = {isa = PBXFileReference; lastKnownFileType = file.xib; path = FTRegsiterVC.xib; sourceTree = "<group>"; };
		BF30C96320E6F10C00A5FCA2 /* FTFindPwdVC.h */ = {isa = PBXFileReference; lastKnownFileType = sourcecode.c.h; path = FTFindPwdVC.h; sourceTree = "<group>"; };
		BF30C96420E6F10C00A5FCA2 /* FTFindPwdVC.m */ = {isa = PBXFileReference; lastKnownFileType = sourcecode.c.objc; path = FTFindPwdVC.m; sourceTree = "<group>"; };
		BF30C96520E6F10C00A5FCA2 /* FTFindPwdVC.xib */ = {isa = PBXFileReference; lastKnownFileType = file.xib; path = FTFindPwdVC.xib; sourceTree = "<group>"; };
		BF30C96820E6F12C00A5FCA2 /* FTEditVC.h */ = {isa = PBXFileReference; lastKnownFileType = sourcecode.c.h; path = FTEditVC.h; sourceTree = "<group>"; };
		BF30C96920E6F12C00A5FCA2 /* FTEditVC.m */ = {isa = PBXFileReference; lastKnownFileType = sourcecode.c.objc; path = FTEditVC.m; sourceTree = "<group>"; };
		BF30C96A20E6F12C00A5FCA2 /* FTEditVC.xib */ = {isa = PBXFileReference; lastKnownFileType = file.xib; path = FTEditVC.xib; sourceTree = "<group>"; };
		BF30C96D20E6F13F00A5FCA2 /* FTBindPhoneVC.h */ = {isa = PBXFileReference; lastKnownFileType = sourcecode.c.h; path = FTBindPhoneVC.h; sourceTree = "<group>"; };
		BF30C96E20E6F13F00A5FCA2 /* FTBindPhoneVC.m */ = {isa = PBXFileReference; lastKnownFileType = sourcecode.c.objc; path = FTBindPhoneVC.m; sourceTree = "<group>"; };
		BF30C96F20E6F13F00A5FCA2 /* FTBindPhoneVC.xib */ = {isa = PBXFileReference; lastKnownFileType = file.xib; path = FTBindPhoneVC.xib; sourceTree = "<group>"; };
		BF30C97220E6F42F00A5FCA2 /* FTBaseTabbarVC.h */ = {isa = PBXFileReference; lastKnownFileType = sourcecode.c.h; path = FTBaseTabbarVC.h; sourceTree = "<group>"; };
		BF30C97320E6F42F00A5FCA2 /* FTBaseTabbarVC.m */ = {isa = PBXFileReference; lastKnownFileType = sourcecode.c.objc; path = FTBaseTabbarVC.m; sourceTree = "<group>"; };
		BF30C97620E6FCC100A5FCA2 /* UIView+ZJFrame.h */ = {isa = PBXFileReference; fileEncoding = 4; lastKnownFileType = sourcecode.c.h; path = "UIView+ZJFrame.h"; sourceTree = "<group>"; };
		BF30C97720E6FCC100A5FCA2 /* UIView+ZJFrame.m */ = {isa = PBXFileReference; fileEncoding = 4; lastKnownFileType = sourcecode.c.objc; path = "UIView+ZJFrame.m"; sourceTree = "<group>"; };
		BF30C97820E6FCC100A5FCA2 /* UIViewController+ZJScrollPageController.h */ = {isa = PBXFileReference; fileEncoding = 4; lastKnownFileType = sourcecode.c.h; path = "UIViewController+ZJScrollPageController.h"; sourceTree = "<group>"; };
		BF30C97920E6FCC100A5FCA2 /* UIViewController+ZJScrollPageController.m */ = {isa = PBXFileReference; fileEncoding = 4; lastKnownFileType = sourcecode.c.objc; path = "UIViewController+ZJScrollPageController.m"; sourceTree = "<group>"; };
		BF30C97A20E6FCC100A5FCA2 /* ZJCollectionView.h */ = {isa = PBXFileReference; fileEncoding = 4; lastKnownFileType = sourcecode.c.h; path = ZJCollectionView.h; sourceTree = "<group>"; };
		BF30C97B20E6FCC100A5FCA2 /* ZJCollectionView.m */ = {isa = PBXFileReference; fileEncoding = 4; lastKnownFileType = sourcecode.c.objc; path = ZJCollectionView.m; sourceTree = "<group>"; };
		BF30C97C20E6FCC100A5FCA2 /* ZJContentView.h */ = {isa = PBXFileReference; fileEncoding = 4; lastKnownFileType = sourcecode.c.h; path = ZJContentView.h; sourceTree = "<group>"; };
		BF30C97D20E6FCC100A5FCA2 /* ZJContentView.m */ = {isa = PBXFileReference; fileEncoding = 4; lastKnownFileType = sourcecode.c.objc; path = ZJContentView.m; sourceTree = "<group>"; };
		BF30C97E20E6FCC100A5FCA2 /* ZJScrollPageView.h */ = {isa = PBXFileReference; fileEncoding = 4; lastKnownFileType = sourcecode.c.h; path = ZJScrollPageView.h; sourceTree = "<group>"; };
		BF30C97F20E6FCC100A5FCA2 /* ZJScrollPageView.m */ = {isa = PBXFileReference; fileEncoding = 4; lastKnownFileType = sourcecode.c.objc; path = ZJScrollPageView.m; sourceTree = "<group>"; };
		BF30C98020E6FCC100A5FCA2 /* ZJScrollPageViewDelegate.h */ = {isa = PBXFileReference; fileEncoding = 4; lastKnownFileType = sourcecode.c.h; path = ZJScrollPageViewDelegate.h; sourceTree = "<group>"; };
		BF30C98120E6FCC100A5FCA2 /* ZJScrollSegmentView.h */ = {isa = PBXFileReference; fileEncoding = 4; lastKnownFileType = sourcecode.c.h; path = ZJScrollSegmentView.h; sourceTree = "<group>"; };
		BF30C98220E6FCC100A5FCA2 /* ZJScrollSegmentView.m */ = {isa = PBXFileReference; fileEncoding = 4; lastKnownFileType = sourcecode.c.objc; path = ZJScrollSegmentView.m; sourceTree = "<group>"; };
		BF30C98320E6FCC100A5FCA2 /* ZJSegmentStyle.h */ = {isa = PBXFileReference; fileEncoding = 4; lastKnownFileType = sourcecode.c.h; path = ZJSegmentStyle.h; sourceTree = "<group>"; };
		BF30C98420E6FCC100A5FCA2 /* ZJSegmentStyle.m */ = {isa = PBXFileReference; fileEncoding = 4; lastKnownFileType = sourcecode.c.objc; path = ZJSegmentStyle.m; sourceTree = "<group>"; };
		BF30C98520E6FCC100A5FCA2 /* ZJTitleView.h */ = {isa = PBXFileReference; fileEncoding = 4; lastKnownFileType = sourcecode.c.h; path = ZJTitleView.h; sourceTree = "<group>"; };
		BF30C98620E6FCC100A5FCA2 /* ZJTitleView.m */ = {isa = PBXFileReference; fileEncoding = 4; lastKnownFileType = sourcecode.c.objc; path = ZJTitleView.m; sourceTree = "<group>"; };
		BF30C98820E6FCC100A5FCA2 /* YTKBaseRequest.h */ = {isa = PBXFileReference; fileEncoding = 4; lastKnownFileType = sourcecode.c.h; path = YTKBaseRequest.h; sourceTree = "<group>"; };
		BF30C98920E6FCC100A5FCA2 /* YTKBaseRequest.m */ = {isa = PBXFileReference; fileEncoding = 4; lastKnownFileType = sourcecode.c.objc; path = YTKBaseRequest.m; sourceTree = "<group>"; };
		BF30C98A20E6FCC100A5FCA2 /* YTKBatchRequest.h */ = {isa = PBXFileReference; fileEncoding = 4; lastKnownFileType = sourcecode.c.h; path = YTKBatchRequest.h; sourceTree = "<group>"; };
		BF30C98B20E6FCC100A5FCA2 /* YTKBatchRequest.m */ = {isa = PBXFileReference; fileEncoding = 4; lastKnownFileType = sourcecode.c.objc; path = YTKBatchRequest.m; sourceTree = "<group>"; };
		BF30C98C20E6FCC100A5FCA2 /* YTKBatchRequestAgent.h */ = {isa = PBXFileReference; fileEncoding = 4; lastKnownFileType = sourcecode.c.h; path = YTKBatchRequestAgent.h; sourceTree = "<group>"; };
		BF30C98D20E6FCC100A5FCA2 /* YTKBatchRequestAgent.m */ = {isa = PBXFileReference; fileEncoding = 4; lastKnownFileType = sourcecode.c.objc; path = YTKBatchRequestAgent.m; sourceTree = "<group>"; };
		BF30C98E20E6FCC100A5FCA2 /* YTKChainRequest.h */ = {isa = PBXFileReference; fileEncoding = 4; lastKnownFileType = sourcecode.c.h; path = YTKChainRequest.h; sourceTree = "<group>"; };
		BF30C98F20E6FCC100A5FCA2 /* YTKChainRequest.m */ = {isa = PBXFileReference; fileEncoding = 4; lastKnownFileType = sourcecode.c.objc; path = YTKChainRequest.m; sourceTree = "<group>"; };
		BF30C99020E6FCC100A5FCA2 /* YTKChainRequestAgent.h */ = {isa = PBXFileReference; fileEncoding = 4; lastKnownFileType = sourcecode.c.h; path = YTKChainRequestAgent.h; sourceTree = "<group>"; };
		BF30C99120E6FCC100A5FCA2 /* YTKChainRequestAgent.m */ = {isa = PBXFileReference; fileEncoding = 4; lastKnownFileType = sourcecode.c.objc; path = YTKChainRequestAgent.m; sourceTree = "<group>"; };
		BF30C99220E6FCC100A5FCA2 /* YTKNetwork.h */ = {isa = PBXFileReference; fileEncoding = 4; lastKnownFileType = sourcecode.c.h; path = YTKNetwork.h; sourceTree = "<group>"; };
		BF30C99320E6FCC100A5FCA2 /* YTKNetworkAgent.h */ = {isa = PBXFileReference; fileEncoding = 4; lastKnownFileType = sourcecode.c.h; path = YTKNetworkAgent.h; sourceTree = "<group>"; };
		BF30C99420E6FCC100A5FCA2 /* YTKNetworkAgent.m */ = {isa = PBXFileReference; fileEncoding = 4; lastKnownFileType = sourcecode.c.objc; path = YTKNetworkAgent.m; sourceTree = "<group>"; };
		BF30C99520E6FCC100A5FCA2 /* YTKNetworkConfig.h */ = {isa = PBXFileReference; fileEncoding = 4; lastKnownFileType = sourcecode.c.h; path = YTKNetworkConfig.h; sourceTree = "<group>"; };
		BF30C99620E6FCC100A5FCA2 /* YTKNetworkConfig.m */ = {isa = PBXFileReference; fileEncoding = 4; lastKnownFileType = sourcecode.c.objc; path = YTKNetworkConfig.m; sourceTree = "<group>"; };
		BF30C99720E6FCC100A5FCA2 /* YTKNetworkPrivate.h */ = {isa = PBXFileReference; fileEncoding = 4; lastKnownFileType = sourcecode.c.h; path = YTKNetworkPrivate.h; sourceTree = "<group>"; };
		BF30C99820E6FCC100A5FCA2 /* YTKNetworkPrivate.m */ = {isa = PBXFileReference; fileEncoding = 4; lastKnownFileType = sourcecode.c.objc; path = YTKNetworkPrivate.m; sourceTree = "<group>"; };
		BF30C99920E6FCC100A5FCA2 /* YTKRequest.h */ = {isa = PBXFileReference; fileEncoding = 4; lastKnownFileType = sourcecode.c.h; path = YTKRequest.h; sourceTree = "<group>"; };
		BF30C99A20E6FCC100A5FCA2 /* YTKRequest.m */ = {isa = PBXFileReference; fileEncoding = 4; lastKnownFileType = sourcecode.c.objc; path = YTKRequest.m; sourceTree = "<group>"; };
		BF30C99C20E6FCC200A5FCA2 /* UIScrollView+EmptyDataSet.h */ = {isa = PBXFileReference; fileEncoding = 4; lastKnownFileType = sourcecode.c.h; path = "UIScrollView+EmptyDataSet.h"; sourceTree = "<group>"; };
		BF30C99D20E6FCC200A5FCA2 /* UIScrollView+EmptyDataSet.m */ = {isa = PBXFileReference; fileEncoding = 4; lastKnownFileType = sourcecode.c.objc; path = "UIScrollView+EmptyDataSet.m"; sourceTree = "<group>"; };
		BF30C9B020E6FCE300A5FCA2 /* UIButton+countDown.h */ = {isa = PBXFileReference; fileEncoding = 4; lastKnownFileType = sourcecode.c.h; path = "UIButton+countDown.h"; sourceTree = "<group>"; };
		BF30C9B120E6FCE300A5FCA2 /* UIButton+countDown.m */ = {isa = PBXFileReference; fileEncoding = 4; lastKnownFileType = sourcecode.c.objc; path = "UIButton+countDown.m"; sourceTree = "<group>"; };
		BF30C9B220E6FCE300A5FCA2 /* UIButton+POImagePosition.m */ = {isa = PBXFileReference; fileEncoding = 4; lastKnownFileType = sourcecode.c.objc; path = "UIButton+POImagePosition.m"; sourceTree = "<group>"; };
		BF30C9B320E6FCE300A5FCA2 /* UIViewController+LCENavigationBar.m */ = {isa = PBXFileReference; fileEncoding = 4; lastKnownFileType = sourcecode.c.objc; path = "UIViewController+LCENavigationBar.m"; sourceTree = "<group>"; };
		BF30C9B420E6FCE300A5FCA2 /* UIViewController+LCENavigationBar.h */ = {isa = PBXFileReference; fileEncoding = 4; lastKnownFileType = sourcecode.c.h; path = "UIViewController+LCENavigationBar.h"; sourceTree = "<group>"; };
		BF30C9B520E6FCE400A5FCA2 /* UIButton+POImagePosition.h */ = {isa = PBXFileReference; fileEncoding = 4; lastKnownFileType = sourcecode.c.h; path = "UIButton+POImagePosition.h"; sourceTree = "<group>"; };
		BF30C9B920E6FD0900A5FCA2 /* FTUtil.h */ = {isa = PBXFileReference; lastKnownFileType = sourcecode.c.h; path = FTUtil.h; sourceTree = "<group>"; };
		BF30C9BA20E6FD0900A5FCA2 /* FTUtil.m */ = {isa = PBXFileReference; lastKnownFileType = sourcecode.c.objc; path = FTUtil.m; sourceTree = "<group>"; };
		BF30C9BC20E6FE1100A5FCA2 /* PrefixHeader.pch */ = {isa = PBXFileReference; lastKnownFileType = sourcecode.c.h; path = PrefixHeader.pch; sourceTree = "<group>"; };
/* End PBXFileReference section */

/* Begin PBXFrameworksBuildPhase section */
		BF30C90620E6E98800A5FCA2 /* Frameworks */ = {
			isa = PBXFrameworksBuildPhase;
			buildActionMask = 2147483647;
			files = (
				5548031D851B5154D934E62A /* libPods-FenTuan.a in Frameworks */,
			);
			runOnlyForDeploymentPostprocessing = 0;
		};
/* End PBXFrameworksBuildPhase section */

/* Begin PBXGroup section */
		50C3ECD50F1E600B209F6996 /* Frameworks */ = {
			isa = PBXGroup;
			children = (
				93098AF8AFAB39CA557FF08D /* libPods-FenTuan.a */,
			);
			name = Frameworks;
			sourceTree = "<group>";
		};
		68DD24A7D8B02F91BBB093C3 /* Pods */ = {
			isa = PBXGroup;
			children = (
				12DD582F4887FA56A595964F /* Pods-FenTuan.debug.xcconfig */,
				72C60D26FACAE156677CC614 /* Pods-FenTuan.release.xcconfig */,
			);
			name = Pods;
			sourceTree = "<group>";
		};
		BF30C90020E6E98800A5FCA2 = {
			isa = PBXGroup;
			children = (
				BF30C90B20E6E98800A5FCA2 /* FenTuan */,
				BF30C90A20E6E98800A5FCA2 /* Products */,
				68DD24A7D8B02F91BBB093C3 /* Pods */,
				50C3ECD50F1E600B209F6996 /* Frameworks */,
			);
			sourceTree = "<group>";
		};
		BF30C90A20E6E98800A5FCA2 /* Products */ = {
			isa = PBXGroup;
			children = (
				BF30C90920E6E98800A5FCA2 /* FenTuan.app */,
			);
			name = Products;
			sourceTree = "<group>";
		};
		BF30C90B20E6E98800A5FCA2 /* FenTuan */ = {
			isa = PBXGroup;
			children = (
				BF30C92420E6ECCA00A5FCA2 /* Class */,
				BF30C94420E6ECCA00A5FCA2 /* Category */,
				BF30C94620E6ECCB00A5FCA2 /* Commen */,
				BF30C92320E6ECCA00A5FCA2 /* Recore */,
				BF30C94520E6ECCB00A5FCA2 /* Vender */,
				BF30C90C20E6E98800A5FCA2 /* AppDelegate.h */,
				BF30C90D20E6E98800A5FCA2 /* AppDelegate.m */,
				BF30C91220E6E98800A5FCA2 /* Main.storyboard */,
				BF30C91520E6E98800A5FCA2 /* Assets.xcassets */,
				BF30C91720E6E98800A5FCA2 /* LaunchScreen.storyboard */,
				BF30C91A20E6E98800A5FCA2 /* Info.plist */,
				BF30C91B20E6E98800A5FCA2 /* main.m */,
				BF30C9BC20E6FE1100A5FCA2 /* PrefixHeader.pch */,
			);
			path = FenTuan;
			sourceTree = "<group>";
		};
		BF30C92320E6ECCA00A5FCA2 /* Recore */ = {
			isa = PBXGroup;
			children = (
			);
			path = Recore;
			sourceTree = "<group>";
		};
		BF30C92420E6ECCA00A5FCA2 /* Class */ = {
			isa = PBXGroup;
			children = (
				BF30C92B20E6ECCA00A5FCA2 /* LSF */,
				BF30C92520E6ECCA00A5FCA2 /* Base */,
				BF30C92620E6ECCA00A5FCA2 /* Home */,
				BF30C93020E6ECCA00A5FCA2 /* Notice */,
				BF30C93520E6ECCA00A5FCA2 /* Recommend */,
				BF30C93A20E6ECCA00A5FCA2 /* Setting */,
				BF30C93F20E6ECCA00A5FCA2 /* Store */,
			);
			path = Class;
			sourceTree = "<group>";
		};
		BF30C92520E6ECCA00A5FCA2 /* Base */ = {
			isa = PBXGroup;
			children = (
				BF30C94720E6F01300A5FCA2 /* BaseVC.h */,
				BF30C94820E6F01300A5FCA2 /* BaseVC.m */,
				BF30C97220E6F42F00A5FCA2 /* FTBaseTabbarVC.h */,
				BF30C97320E6F42F00A5FCA2 /* FTBaseTabbarVC.m */,
			);
			path = Base;
			sourceTree = "<group>";
		};
		BF30C92620E6ECCA00A5FCA2 /* Home */ = {
			isa = PBXGroup;
			children = (
				BF30C92720E6ECCA00A5FCA2 /* Model */,
				BF30C92820E6ECCA00A5FCA2 /* View */,
				BF30C92A20E6ECCA00A5FCA2 /* ViewModel */,
				BF30C92920E6ECCA00A5FCA2 /* ViewController */,
			);
			path = Home;
			sourceTree = "<group>";
		};
		BF30C92720E6ECCA00A5FCA2 /* Model */ = {
			isa = PBXGroup;
			children = (
			);
			path = Model;
			sourceTree = "<group>";
		};
		BF30C92820E6ECCA00A5FCA2 /* View */ = {
			isa = PBXGroup;
			children = (
			);
			path = View;
			sourceTree = "<group>";
		};
		BF30C92920E6ECCA00A5FCA2 /* ViewController */ = {
			isa = PBXGroup;
			children = (
				BF30C94A20E6F03D00A5FCA2 /* FTHomeVC.h */,
				BF30C94B20E6F03D00A5FCA2 /* FTHomeVC.m */,
			);
			path = ViewController;
			sourceTree = "<group>";
		};
		BF30C92A20E6ECCA00A5FCA2 /* ViewModel */ = {
			isa = PBXGroup;
			children = (
			);
			path = ViewModel;
			sourceTree = "<group>";
		};
		BF30C92B20E6ECCA00A5FCA2 /* LSF */ = {
			isa = PBXGroup;
			children = (
				BF30C92C20E6ECCA00A5FCA2 /* Model */,
				BF30C92D20E6ECCA00A5FCA2 /* View */,
				BF30C92F20E6ECCA00A5FCA2 /* ViewModel */,
				BF30C92E20E6ECCA00A5FCA2 /* ViewController */,
			);
			path = LSF;
			sourceTree = "<group>";
		};
		BF30C92C20E6ECCA00A5FCA2 /* Model */ = {
			isa = PBXGroup;
			children = (
			);
			path = Model;
			sourceTree = "<group>";
		};
		BF30C92D20E6ECCA00A5FCA2 /* View */ = {
			isa = PBXGroup;
			children = (
			);
			path = View;
			sourceTree = "<group>";
		};
		BF30C92E20E6ECCA00A5FCA2 /* ViewController */ = {
			isa = PBXGroup;
			children = (
				BF30C95920E6F0D500A5FCA2 /* FTLoginVC.h */,
				BF30C95A20E6F0D500A5FCA2 /* FTLoginVC.m */,
				BF30C95B20E6F0D500A5FCA2 /* FTLoginVC.xib */,
				BF30C95E20E6F0F900A5FCA2 /* FTRegsiterVC.h */,
				BF30C95F20E6F0F900A5FCA2 /* FTRegsiterVC.m */,
				BF30C96020E6F0F900A5FCA2 /* FTRegsiterVC.xib */,
				BF30C96320E6F10C00A5FCA2 /* FTFindPwdVC.h */,
				BF30C96420E6F10C00A5FCA2 /* FTFindPwdVC.m */,
				BF30C96520E6F10C00A5FCA2 /* FTFindPwdVC.xib */,
				BF30C96820E6F12C00A5FCA2 /* FTEditVC.h */,
				BF30C96920E6F12C00A5FCA2 /* FTEditVC.m */,
				BF30C96A20E6F12C00A5FCA2 /* FTEditVC.xib */,
				BF30C96D20E6F13F00A5FCA2 /* FTBindPhoneVC.h */,
				BF30C96E20E6F13F00A5FCA2 /* FTBindPhoneVC.m */,
				BF30C96F20E6F13F00A5FCA2 /* FTBindPhoneVC.xib */,
			);
			path = ViewController;
			sourceTree = "<group>";
		};
		BF30C92F20E6ECCA00A5FCA2 /* ViewModel */ = {
			isa = PBXGroup;
			children = (
			);
			path = ViewModel;
			sourceTree = "<group>";
		};
		BF30C93020E6ECCA00A5FCA2 /* Notice */ = {
			isa = PBXGroup;
			children = (
				BF30C93120E6ECCA00A5FCA2 /* Model */,
				BF30C93220E6ECCA00A5FCA2 /* View */,
				BF30C93420E6ECCA00A5FCA2 /* ViewModel */,
				BF30C93320E6ECCA00A5FCA2 /* ViewController */,
			);
			path = Notice;
			sourceTree = "<group>";
		};
		BF30C93120E6ECCA00A5FCA2 /* Model */ = {
			isa = PBXGroup;
			children = (
			);
			path = Model;
			sourceTree = "<group>";
		};
		BF30C93220E6ECCA00A5FCA2 /* View */ = {
			isa = PBXGroup;
			children = (
			);
			path = View;
			sourceTree = "<group>";
		};
		BF30C93320E6ECCA00A5FCA2 /* ViewController */ = {
			isa = PBXGroup;
			children = (
				BF30C94D20E6F06E00A5FCA2 /* FTNoticeVC.h */,
				BF30C94E20E6F06E00A5FCA2 /* FTNoticeVC.m */,
			);
			path = ViewController;
			sourceTree = "<group>";
		};
		BF30C93420E6ECCA00A5FCA2 /* ViewModel */ = {
			isa = PBXGroup;
			children = (
			);
			path = ViewModel;
			sourceTree = "<group>";
		};
		BF30C93520E6ECCA00A5FCA2 /* Recommend */ = {
			isa = PBXGroup;
			children = (
				BF30C93620E6ECCA00A5FCA2 /* Model */,
				BF30C93720E6ECCA00A5FCA2 /* View */,
				BF30C93920E6ECCA00A5FCA2 /* ViewModel */,
				BF30C93820E6ECCA00A5FCA2 /* ViewController */,
			);
			path = Recommend;
			sourceTree = "<group>";
		};
		BF30C93620E6ECCA00A5FCA2 /* Model */ = {
			isa = PBXGroup;
			children = (
			);
			path = Model;
			sourceTree = "<group>";
		};
		BF30C93720E6ECCA00A5FCA2 /* View */ = {
			isa = PBXGroup;
			children = (
			);
			path = View;
			sourceTree = "<group>";
		};
		BF30C93820E6ECCA00A5FCA2 /* ViewController */ = {
			isa = PBXGroup;
			children = (
				BF30C95020E6F08A00A5FCA2 /* FTRecommendVC.h */,
				BF30C95120E6F08A00A5FCA2 /* FTRecommendVC.m */,
			);
			path = ViewController;
			sourceTree = "<group>";
		};
		BF30C93920E6ECCA00A5FCA2 /* ViewModel */ = {
			isa = PBXGroup;
			children = (
			);
			path = ViewModel;
			sourceTree = "<group>";
		};
		BF30C93A20E6ECCA00A5FCA2 /* Setting */ = {
			isa = PBXGroup;
			children = (
				BF30C93B20E6ECCA00A5FCA2 /* Model */,
				BF30C93C20E6ECCA00A5FCA2 /* View */,
				BF30C93E20E6ECCA00A5FCA2 /* ViewModel */,
				BF30C93D20E6ECCA00A5FCA2 /* ViewController */,
			);
			path = Setting;
			sourceTree = "<group>";
		};
		BF30C93B20E6ECCA00A5FCA2 /* Model */ = {
			isa = PBXGroup;
			children = (
			);
			path = Model;
			sourceTree = "<group>";
		};
		BF30C93C20E6ECCA00A5FCA2 /* View */ = {
			isa = PBXGroup;
			children = (
			);
			path = View;
			sourceTree = "<group>";
		};
		BF30C93D20E6ECCA00A5FCA2 /* ViewController */ = {
			isa = PBXGroup;
			children = (
				BF30C95320E6F09E00A5FCA2 /* FTSettingVC.h */,
				BF30C95420E6F09E00A5FCA2 /* FTSettingVC.m */,
			);
			path = ViewController;
			sourceTree = "<group>";
		};
		BF30C93E20E6ECCA00A5FCA2 /* ViewModel */ = {
			isa = PBXGroup;
			children = (
			);
			path = ViewModel;
			sourceTree = "<group>";
		};
		BF30C93F20E6ECCA00A5FCA2 /* Store */ = {
			isa = PBXGroup;
			children = (
				BF30C94020E6ECCA00A5FCA2 /* Model */,
				BF30C94120E6ECCA00A5FCA2 /* View */,
				BF30C94320E6ECCA00A5FCA2 /* ViewModel */,
				BF30C94220E6ECCA00A5FCA2 /* ViewController */,
			);
			path = Store;
			sourceTree = "<group>";
		};
		BF30C94020E6ECCA00A5FCA2 /* Model */ = {
			isa = PBXGroup;
			children = (
			);
			path = Model;
			sourceTree = "<group>";
		};
		BF30C94120E6ECCA00A5FCA2 /* View */ = {
			isa = PBXGroup;
			children = (
			);
			path = View;
			sourceTree = "<group>";
		};
		BF30C94220E6ECCA00A5FCA2 /* ViewController */ = {
			isa = PBXGroup;
			children = (
				BF30C95620E6F0BA00A5FCA2 /* FTStoreVC.h */,
				BF30C95720E6F0BA00A5FCA2 /* FTStoreVC.m */,
			);
			path = ViewController;
			sourceTree = "<group>";
		};
		BF30C94320E6ECCA00A5FCA2 /* ViewModel */ = {
			isa = PBXGroup;
			children = (
			);
			path = ViewModel;
			sourceTree = "<group>";
		};
		BF30C94420E6ECCA00A5FCA2 /* Category */ = {
			isa = PBXGroup;
			children = (
				BF30C9B020E6FCE300A5FCA2 /* UIButton+countDown.h */,
				BF30C9B120E6FCE300A5FCA2 /* UIButton+countDown.m */,
				BF30C9B520E6FCE400A5FCA2 /* UIButton+POImagePosition.h */,
				BF30C9B220E6FCE300A5FCA2 /* UIButton+POImagePosition.m */,
				BF30C9B420E6FCE300A5FCA2 /* UIViewController+LCENavigationBar.h */,
				BF30C9B320E6FCE300A5FCA2 /* UIViewController+LCENavigationBar.m */,
			);
			path = Category;
			sourceTree = "<group>";
		};
		BF30C94520E6ECCB00A5FCA2 /* Vender */ = {
			isa = PBXGroup;
			children = (
				BF30C97520E6FCC100A5FCA2 /* ZJScrollPageView */,
				BF30C99B20E6FCC200A5FCA2 /* EmptyDataSet */,
				BF30C98720E6FCC100A5FCA2 /* YTKNetwork */,
			);
			path = Vender;
			sourceTree = "<group>";
		};
		BF30C94620E6ECCB00A5FCA2 /* Commen */ = {
			isa = PBXGroup;
			children = (
				BF30C9B920E6FD0900A5FCA2 /* FTUtil.h */,
				BF30C9BA20E6FD0900A5FCA2 /* FTUtil.m */,
			);
			path = Commen;
			sourceTree = "<group>";
		};
		BF30C97520E6FCC100A5FCA2 /* ZJScrollPageView */ = {
			isa = PBXGroup;
			children = (
				BF30C97620E6FCC100A5FCA2 /* UIView+ZJFrame.h */,
				BF30C97720E6FCC100A5FCA2 /* UIView+ZJFrame.m */,
				BF30C97820E6FCC100A5FCA2 /* UIViewController+ZJScrollPageController.h */,
				BF30C97920E6FCC100A5FCA2 /* UIViewController+ZJScrollPageController.m */,
				BF30C97A20E6FCC100A5FCA2 /* ZJCollectionView.h */,
				BF30C97B20E6FCC100A5FCA2 /* ZJCollectionView.m */,
				BF30C97C20E6FCC100A5FCA2 /* ZJContentView.h */,
				BF30C97D20E6FCC100A5FCA2 /* ZJContentView.m */,
				BF30C97E20E6FCC100A5FCA2 /* ZJScrollPageView.h */,
				BF30C97F20E6FCC100A5FCA2 /* ZJScrollPageView.m */,
				BF30C98020E6FCC100A5FCA2 /* ZJScrollPageViewDelegate.h */,
				BF30C98120E6FCC100A5FCA2 /* ZJScrollSegmentView.h */,
				BF30C98220E6FCC100A5FCA2 /* ZJScrollSegmentView.m */,
				BF30C98320E6FCC100A5FCA2 /* ZJSegmentStyle.h */,
				BF30C98420E6FCC100A5FCA2 /* ZJSegmentStyle.m */,
				BF30C98520E6FCC100A5FCA2 /* ZJTitleView.h */,
				BF30C98620E6FCC100A5FCA2 /* ZJTitleView.m */,
			);
			name = ZJScrollPageView;
			path = ../../../../Doctor_ios/BCYDoctor/BCYDoctor/Vender/ZJScrollPageView;
			sourceTree = "<group>";
		};
		BF30C98720E6FCC100A5FCA2 /* YTKNetwork */ = {
			isa = PBXGroup;
			children = (
				BF30C98820E6FCC100A5FCA2 /* YTKBaseRequest.h */,
				BF30C98920E6FCC100A5FCA2 /* YTKBaseRequest.m */,
				BF30C98A20E6FCC100A5FCA2 /* YTKBatchRequest.h */,
				BF30C98B20E6FCC100A5FCA2 /* YTKBatchRequest.m */,
				BF30C98C20E6FCC100A5FCA2 /* YTKBatchRequestAgent.h */,
				BF30C98D20E6FCC100A5FCA2 /* YTKBatchRequestAgent.m */,
				BF30C98E20E6FCC100A5FCA2 /* YTKChainRequest.h */,
				BF30C98F20E6FCC100A5FCA2 /* YTKChainRequest.m */,
				BF30C99020E6FCC100A5FCA2 /* YTKChainRequestAgent.h */,
				BF30C99120E6FCC100A5FCA2 /* YTKChainRequestAgent.m */,
				BF30C99220E6FCC100A5FCA2 /* YTKNetwork.h */,
				BF30C99320E6FCC100A5FCA2 /* YTKNetworkAgent.h */,
				BF30C99420E6FCC100A5FCA2 /* YTKNetworkAgent.m */,
				BF30C99520E6FCC100A5FCA2 /* YTKNetworkConfig.h */,
				BF30C99620E6FCC100A5FCA2 /* YTKNetworkConfig.m */,
				BF30C99720E6FCC100A5FCA2 /* YTKNetworkPrivate.h */,
				BF30C99820E6FCC100A5FCA2 /* YTKNetworkPrivate.m */,
				BF30C99920E6FCC100A5FCA2 /* YTKRequest.h */,
				BF30C99A20E6FCC100A5FCA2 /* YTKRequest.m */,
			);
			name = YTKNetwork;
			path = ../../../../Doctor_ios/BCYDoctor/BCYDoctor/Vender/YTKNetwork;
			sourceTree = "<group>";
		};
		BF30C99B20E6FCC200A5FCA2 /* EmptyDataSet */ = {
			isa = PBXGroup;
			children = (
				BF30C99C20E6FCC200A5FCA2 /* UIScrollView+EmptyDataSet.h */,
				BF30C99D20E6FCC200A5FCA2 /* UIScrollView+EmptyDataSet.m */,
			);
			name = EmptyDataSet;
			path = ../../../../Doctor_ios/BCYDoctor/BCYDoctor/Vender/EmptyDataSet;
			sourceTree = "<group>";
		};
/* End PBXGroup section */

/* Begin PBXNativeTarget section */
		BF30C90820E6E98800A5FCA2 /* FenTuan */ = {
			isa = PBXNativeTarget;
			buildConfigurationList = BF30C91F20E6E98800A5FCA2 /* Build configuration list for PBXNativeTarget "FenTuan" */;
			buildPhases = (
				F68E6AEF01EC22758C28FB0E /* [CP] Check Pods Manifest.lock */,
				BF30C90520E6E98800A5FCA2 /* Sources */,
				BF30C90620E6E98800A5FCA2 /* Frameworks */,
				BF30C90720E6E98800A5FCA2 /* Resources */,
				B9BB314EA8FF87FD4C0684DF /* [CP] Copy Pods Resources */,
			);
			buildRules = (
			);
			dependencies = (
			);
			name = FenTuan;
			productName = FenTuan;
			productReference = BF30C90920E6E98800A5FCA2 /* FenTuan.app */;
			productType = "com.apple.product-type.application";
		};
/* End PBXNativeTarget section */

/* Begin PBXProject section */
		BF30C90120E6E98800A5FCA2 /* Project object */ = {
			isa = PBXProject;
			attributes = {
				LastUpgradeCheck = 0920;
				ORGANIZATIONNAME = zhufeng;
				TargetAttributes = {
					BF30C90820E6E98800A5FCA2 = {
						CreatedOnToolsVersion = 9.2;
						ProvisioningStyle = Automatic;
					};
				};
			};
			buildConfigurationList = BF30C90420E6E98800A5FCA2 /* Build configuration list for PBXProject "FenTuan" */;
			compatibilityVersion = "Xcode 8.0";
			developmentRegion = en;
			hasScannedForEncodings = 0;
			knownRegions = (
				en,
				Base,
			);
			mainGroup = BF30C90020E6E98800A5FCA2;
			productRefGroup = BF30C90A20E6E98800A5FCA2 /* Products */;
			projectDirPath = "";
			projectRoot = "";
			targets = (
				BF30C90820E6E98800A5FCA2 /* FenTuan */,
			);
		};
/* End PBXProject section */

/* Begin PBXResourcesBuildPhase section */
		BF30C90720E6E98800A5FCA2 /* Resources */ = {
			isa = PBXResourcesBuildPhase;
			buildActionMask = 2147483647;
			files = (
				BF30C91920E6E98800A5FCA2 /* LaunchScreen.storyboard in Resources */,
				BF30C96C20E6F12C00A5FCA2 /* FTEditVC.xib in Resources */,
				BF30C96720E6F10C00A5FCA2 /* FTFindPwdVC.xib in Resources */,
				BF30C91620E6E98800A5FCA2 /* Assets.xcassets in Resources */,
				BF30C97120E6F13F00A5FCA2 /* FTBindPhoneVC.xib in Resources */,
				BF30C95D20E6F0D500A5FCA2 /* FTLoginVC.xib in Resources */,
				BF30C91420E6E98800A5FCA2 /* Main.storyboard in Resources */,
				BF30C96220E6F0F900A5FCA2 /* FTRegsiterVC.xib in Resources */,
			);
			runOnlyForDeploymentPostprocessing = 0;
		};
/* End PBXResourcesBuildPhase section */

/* Begin PBXShellScriptBuildPhase section */
		B9BB314EA8FF87FD4C0684DF /* [CP] Copy Pods Resources */ = {
			isa = PBXShellScriptBuildPhase;
			buildActionMask = 2147483647;
			files = (
			);
			inputPaths = (
				"${SRCROOT}/Pods/Target Support Files/Pods-FenTuan/Pods-FenTuan-resources.sh",
				"${PODS_ROOT}/IQKeyboardManager/IQKeyboardManager/Resources/IQKeyboardManager.bundle",
				"${PODS_ROOT}/MJRefresh/MJRefresh/MJRefresh.bundle",
				"${PODS_ROOT}/SVProgressHUD/SVProgressHUD/SVProgressHUD.bundle",
			);
			name = "[CP] Copy Pods Resources";
			outputPaths = (
				"${TARGET_BUILD_DIR}/${UNLOCALIZED_RESOURCES_FOLDER_PATH}/IQKeyboardManager.bundle",
				"${TARGET_BUILD_DIR}/${UNLOCALIZED_RESOURCES_FOLDER_PATH}/MJRefresh.bundle",
				"${TARGET_BUILD_DIR}/${UNLOCALIZED_RESOURCES_FOLDER_PATH}/SVProgressHUD.bundle",
			);
			runOnlyForDeploymentPostprocessing = 0;
			shellPath = /bin/sh;
			shellScript = "\"${SRCROOT}/Pods/Target Support Files/Pods-FenTuan/Pods-FenTuan-resources.sh\"\n";
			showEnvVarsInLog = 0;
		};
		F68E6AEF01EC22758C28FB0E /* [CP] Check Pods Manifest.lock */ = {
			isa = PBXShellScriptBuildPhase;
			buildActionMask = 2147483647;
			files = (
			);
			inputPaths = (
				"${PODS_PODFILE_DIR_PATH}/Podfile.lock",
				"${PODS_ROOT}/Manifest.lock",
			);
			name = "[CP] Check Pods Manifest.lock";
			outputPaths = (
				"$(DERIVED_FILE_DIR)/Pods-FenTuan-checkManifestLockResult.txt",
			);
			runOnlyForDeploymentPostprocessing = 0;
			shellPath = /bin/sh;
			shellScript = "diff \"${PODS_PODFILE_DIR_PATH}/Podfile.lock\" \"${PODS_ROOT}/Manifest.lock\" > /dev/null\nif [ $? != 0 ] ; then\n    # print error to STDERR\n    echo \"error: The sandbox is not in sync with the Podfile.lock. Run 'pod install' or update your CocoaPods installation.\" >&2\n    exit 1\nfi\n# This output is used by Xcode 'outputs' to avoid re-running this script phase.\necho \"SUCCESS\" > \"${SCRIPT_OUTPUT_FILE_0}\"\n";
			showEnvVarsInLog = 0;
		};
/* End PBXShellScriptBuildPhase section */

/* Begin PBXSourcesBuildPhase section */
		BF30C90520E6E98800A5FCA2 /* Sources */ = {
			isa = PBXSourcesBuildPhase;
			buildActionMask = 2147483647;
			files = (
				BF30C9A620E6FCC200A5FCA2 /* YTKBaseRequest.m in Sources */,
				BF30C9B720E6FCE400A5FCA2 /* UIButton+POImagePosition.m in Sources */,
				BF30C9AA20E6FCC200A5FCA2 /* YTKChainRequestAgent.m in Sources */,
				BF30C99F20E6FCC200A5FCA2 /* UIViewController+ZJScrollPageController.m in Sources */,
				BF30C94920E6F01300A5FCA2 /* BaseVC.m in Sources */,
				BF30C9A420E6FCC200A5FCA2 /* ZJSegmentStyle.m in Sources */,
				BF30C94C20E6F03D00A5FCA2 /* FTHomeVC.m in Sources */,
				BF30C96B20E6F12C00A5FCA2 /* FTEditVC.m in Sources */,
				BF30C97420E6F42F00A5FCA2 /* FTBaseTabbarVC.m in Sources */,
				BF30C9A720E6FCC200A5FCA2 /* YTKBatchRequest.m in Sources */,
				BF30C94F20E6F06E00A5FCA2 /* FTNoticeVC.m in Sources */,
				BF30C9BB20E6FD0900A5FCA2 /* FTUtil.m in Sources */,
				BF30C9AE20E6FCC200A5FCA2 /* YTKRequest.m in Sources */,
				BF30C9A120E6FCC200A5FCA2 /* ZJContentView.m in Sources */,
				BF30C99E20E6FCC200A5FCA2 /* UIView+ZJFrame.m in Sources */,
				BF30C91C20E6E98800A5FCA2 /* main.m in Sources */,
				BF30C9A920E6FCC200A5FCA2 /* YTKChainRequest.m in Sources */,
				BF30C9A320E6FCC200A5FCA2 /* ZJScrollSegmentView.m in Sources */,
				BF30C97020E6F13F00A5FCA2 /* FTBindPhoneVC.m in Sources */,
				BF30C95C20E6F0D500A5FCA2 /* FTLoginVC.m in Sources */,
				BF30C9A020E6FCC200A5FCA2 /* ZJCollectionView.m in Sources */,
				BF30C9A220E6FCC200A5FCA2 /* ZJScrollPageView.m in Sources */,
				BF30C9AD20E6FCC200A5FCA2 /* YTKNetworkPrivate.m in Sources */,
				BF30C9B820E6FCE400A5FCA2 /* UIViewController+LCENavigationBar.m in Sources */,
				BF30C95520E6F09E00A5FCA2 /* FTSettingVC.m in Sources */,
				BF30C96620E6F10C00A5FCA2 /* FTFindPwdVC.m in Sources */,
				BF30C9AB20E6FCC200A5FCA2 /* YTKNetworkAgent.m in Sources */,
				BF30C9B620E6FCE400A5FCA2 /* UIButton+countDown.m in Sources */,
				BF30C90E20E6E98800A5FCA2 /* AppDelegate.m in Sources */,
				BF30C95820E6F0BA00A5FCA2 /* FTStoreVC.m in Sources */,
				BF30C9AC20E6FCC200A5FCA2 /* YTKNetworkConfig.m in Sources */,
				BF30C9A520E6FCC200A5FCA2 /* ZJTitleView.m in Sources */,
				BF30C95220E6F08A00A5FCA2 /* FTRecommendVC.m in Sources */,
				BF30C96120E6F0F900A5FCA2 /* FTRegsiterVC.m in Sources */,
				BF30C9AF20E6FCC200A5FCA2 /* UIScrollView+EmptyDataSet.m in Sources */,
				BF30C9A820E6FCC200A5FCA2 /* YTKBatchRequestAgent.m in Sources */,
			);
			runOnlyForDeploymentPostprocessing = 0;
		};
/* End PBXSourcesBuildPhase section */

/* Begin PBXVariantGroup section */
		BF30C91220E6E98800A5FCA2 /* Main.storyboard */ = {
			isa = PBXVariantGroup;
			children = (
				BF30C91320E6E98800A5FCA2 /* Base */,
			);
			name = Main.storyboard;
			sourceTree = "<group>";
		};
		BF30C91720E6E98800A5FCA2 /* LaunchScreen.storyboard */ = {
			isa = PBXVariantGroup;
			children = (
				BF30C91820E6E98800A5FCA2 /* Base */,
			);
			name = LaunchScreen.storyboard;
			sourceTree = "<group>";
		};
/* End PBXVariantGroup section */

/* Begin XCBuildConfiguration section */
		BF30C91D20E6E98800A5FCA2 /* Debug */ = {
			isa = XCBuildConfiguration;
			buildSettings = {
				ALWAYS_SEARCH_USER_PATHS = NO;
				CLANG_ANALYZER_NONNULL = YES;
				CLANG_ANALYZER_NUMBER_OBJECT_CONVERSION = YES_AGGRESSIVE;
				CLANG_CXX_LANGUAGE_STANDARD = "gnu++14";
				CLANG_CXX_LIBRARY = "libc++";
				CLANG_ENABLE_MODULES = YES;
				CLANG_ENABLE_OBJC_ARC = YES;
				CLANG_WARN_BLOCK_CAPTURE_AUTORELEASING = YES;
				CLANG_WARN_BOOL_CONVERSION = YES;
				CLANG_WARN_COMMA = YES;
				CLANG_WARN_CONSTANT_CONVERSION = YES;
				CLANG_WARN_DIRECT_OBJC_ISA_USAGE = YES_ERROR;
				CLANG_WARN_DOCUMENTATION_COMMENTS = YES;
				CLANG_WARN_EMPTY_BODY = YES;
				CLANG_WARN_ENUM_CONVERSION = YES;
				CLANG_WARN_INFINITE_RECURSION = YES;
				CLANG_WARN_INT_CONVERSION = YES;
				CLANG_WARN_NON_LITERAL_NULL_CONVERSION = YES;
				CLANG_WARN_OBJC_LITERAL_CONVERSION = YES;
				CLANG_WARN_OBJC_ROOT_CLASS = YES_ERROR;
				CLANG_WARN_RANGE_LOOP_ANALYSIS = YES;
				CLANG_WARN_STRICT_PROTOTYPES = YES;
				CLANG_WARN_SUSPICIOUS_MOVE = YES;
				CLANG_WARN_UNGUARDED_AVAILABILITY = YES_AGGRESSIVE;
				CLANG_WARN_UNREACHABLE_CODE = YES;
				CLANG_WARN__DUPLICATE_METHOD_MATCH = YES;
				CODE_SIGN_IDENTITY = "iPhone Developer";
				COPY_PHASE_STRIP = NO;
				DEBUG_INFORMATION_FORMAT = dwarf;
				ENABLE_STRICT_OBJC_MSGSEND = YES;
				ENABLE_TESTABILITY = YES;
				GCC_C_LANGUAGE_STANDARD = gnu11;
				GCC_DYNAMIC_NO_PIC = NO;
				GCC_NO_COMMON_BLOCKS = YES;
				GCC_OPTIMIZATION_LEVEL = 0;
				GCC_PRECOMPILE_PREFIX_HEADER = YES;
				GCC_PREFIX_HEADER = "$(SRCROOT)/FenTuan/PrefixHeader.pch";
				GCC_PREPROCESSOR_DEFINITIONS = (
					"DEBUG=1",
					"$(inherited)",
				);
				GCC_WARN_64_TO_32_BIT_CONVERSION = YES;
				GCC_WARN_ABOUT_RETURN_TYPE = YES_ERROR;
				GCC_WARN_UNDECLARED_SELECTOR = YES;
				GCC_WARN_UNINITIALIZED_AUTOS = YES_AGGRESSIVE;
				GCC_WARN_UNUSED_FUNCTION = YES;
				GCC_WARN_UNUSED_VARIABLE = YES;
				IPHONEOS_DEPLOYMENT_TARGET = 11.2;
				MTL_ENABLE_DEBUG_INFO = YES;
				ONLY_ACTIVE_ARCH = YES;
				SDKROOT = iphoneos;
			};
			name = Debug;
		};
		BF30C91E20E6E98800A5FCA2 /* Release */ = {
			isa = XCBuildConfiguration;
			buildSettings = {
				ALWAYS_SEARCH_USER_PATHS = NO;
				CLANG_ANALYZER_NONNULL = YES;
				CLANG_ANALYZER_NUMBER_OBJECT_CONVERSION = YES_AGGRESSIVE;
				CLANG_CXX_LANGUAGE_STANDARD = "gnu++14";
				CLANG_CXX_LIBRARY = "libc++";
				CLANG_ENABLE_MODULES = YES;
				CLANG_ENABLE_OBJC_ARC = YES;
				CLANG_WARN_BLOCK_CAPTURE_AUTORELEASING = YES;
				CLANG_WARN_BOOL_CONVERSION = YES;
				CLANG_WARN_COMMA = YES;
				CLANG_WARN_CONSTANT_CONVERSION = YES;
				CLANG_WARN_DIRECT_OBJC_ISA_USAGE = YES_ERROR;
				CLANG_WARN_DOCUMENTATION_COMMENTS = YES;
				CLANG_WARN_EMPTY_BODY = YES;
				CLANG_WARN_ENUM_CONVERSION = YES;
				CLANG_WARN_INFINITE_RECURSION = YES;
				CLANG_WARN_INT_CONVERSION = YES;
				CLANG_WARN_NON_LITERAL_NULL_CONVERSION = YES;
				CLANG_WARN_OBJC_LITERAL_CONVERSION = YES;
				CLANG_WARN_OBJC_ROOT_CLASS = YES_ERROR;
				CLANG_WARN_RANGE_LOOP_ANALYSIS = YES;
				CLANG_WARN_STRICT_PROTOTYPES = YES;
				CLANG_WARN_SUSPICIOUS_MOVE = YES;
				CLANG_WARN_UNGUARDED_AVAILABILITY = YES_AGGRESSIVE;
				CLANG_WARN_UNREACHABLE_CODE = YES;
				CLANG_WARN__DUPLICATE_METHOD_MATCH = YES;
				CODE_SIGN_IDENTITY = "iPhone Developer";
				COPY_PHASE_STRIP = NO;
				DEBUG_INFORMATION_FORMAT = "dwarf-with-dsym";
				ENABLE_NS_ASSERTIONS = NO;
				ENABLE_STRICT_OBJC_MSGSEND = YES;
				GCC_C_LANGUAGE_STANDARD = gnu11;
				GCC_NO_COMMON_BLOCKS = YES;
				GCC_PRECOMPILE_PREFIX_HEADER = YES;
				GCC_PREFIX_HEADER = "$(SRCROOT)/FenTuan/PrefixHeader.pch";
				GCC_WARN_64_TO_32_BIT_CONVERSION = YES;
				GCC_WARN_ABOUT_RETURN_TYPE = YES_ERROR;
				GCC_WARN_UNDECLARED_SELECTOR = YES;
				GCC_WARN_UNINITIALIZED_AUTOS = YES_AGGRESSIVE;
				GCC_WARN_UNUSED_FUNCTION = YES;
				GCC_WARN_UNUSED_VARIABLE = YES;
				IPHONEOS_DEPLOYMENT_TARGET = 11.2;
				MTL_ENABLE_DEBUG_INFO = NO;
				SDKROOT = iphoneos;
				VALIDATE_PRODUCT = YES;
			};
			name = Release;
		};
		BF30C92020E6E98800A5FCA2 /* Debug */ = {
			isa = XCBuildConfiguration;
			baseConfigurationReference = 12DD582F4887FA56A595964F /* Pods-FenTuan.debug.xcconfig */;
			buildSettings = {
				ASSETCATALOG_COMPILER_APPICON_NAME = AppIcon;
				CODE_SIGN_STYLE = Automatic;
				DEVELOPMENT_TEAM = 3R48RV923F;
				GCC_PREFIX_HEADER = "$(SRCROOT)/FenTuan/PrefixHeader.pch";
				INFOPLIST_FILE = FenTuan/Info.plist;
				IPHONEOS_DEPLOYMENT_TARGET = 9.0;
				LD_RUNPATH_SEARCH_PATHS = "$(inherited) @executable_path/Frameworks";
				PRODUCT_BUNDLE_IDENTIFIER = com.bailing.FenTuan;
				PRODUCT_NAME = "$(TARGET_NAME)";
				TARGETED_DEVICE_FAMILY = 1;
			};
			name = Debug;
		};
		BF30C92120E6E98800A5FCA2 /* Release */ = {
			isa = XCBuildConfiguration;
			baseConfigurationReference = 72C60D26FACAE156677CC614 /* Pods-FenTuan.release.xcconfig */;
			buildSettings = {
				ASSETCATALOG_COMPILER_APPICON_NAME = AppIcon;
				CODE_SIGN_STYLE = Automatic;
				DEVELOPMENT_TEAM = 3R48RV923F;
				GCC_PREFIX_HEADER = "$(SRCROOT)/FenTuan/PrefixHeader.pch";
				INFOPLIST_FILE = FenTuan/Info.plist;
				IPHONEOS_DEPLOYMENT_TARGET = 9.0;
				LD_RUNPATH_SEARCH_PATHS = "$(inherited) @executable_path/Frameworks";
				PRODUCT_BUNDLE_IDENTIFIER = com.bailing.FenTuan;
				PRODUCT_NAME = "$(TARGET_NAME)";
				TARGETED_DEVICE_FAMILY = 1;
			};
			name = Release;
		};
/* End XCBuildConfiguration section */

/* Begin XCConfigurationList section */
		BF30C90420E6E98800A5FCA2 /* Build configuration list for PBXProject "FenTuan" */ = {
			isa = XCConfigurationList;
			buildConfigurations = (
				BF30C91D20E6E98800A5FCA2 /* Debug */,
				BF30C91E20E6E98800A5FCA2 /* Release */,
			);
			defaultConfigurationIsVisible = 0;
			defaultConfigurationName = Release;
		};
		BF30C91F20E6E98800A5FCA2 /* Build configuration list for PBXNativeTarget "FenTuan" */ = {
			isa = XCConfigurationList;
			buildConfigurations = (
				BF30C92020E6E98800A5FCA2 /* Debug */,
				BF30C92120E6E98800A5FCA2 /* Release */,
			);
			defaultConfigurationIsVisible = 0;
			defaultConfigurationName = Release;
		};
/* End XCConfigurationList section */
	};
	rootObject = BF30C90120E6E98800A5FCA2 /* Project object */;
}
